
Microsoft Visual Studio Solution File, Format Version 12.00
# Visual Studio Version 17
VisualStudioVersion = 17.7.34024.191
MinimumVisualStudioVersion = 10.0.40219.1
Project("{FAE04EC0-301F-11D3-BF4B-00C04F79EFBC}") = "BethanysPieShopHRM.App", "BethanysPieShopHRM.App\BethanysPieShopHRM.App.csproj", "{C5A314A2-3578-493D-8AEE-BBC3E6483338}"
EndProject
Project("{9A19103F-16F7-4668-BE54-9A1E7A4F7556}") = "BethanysPieShopHRM.Shared", "BethanysPieShopHRM.Shared\BethanysPieShopHRM.Shared.csproj", "{4113A5A6-4FEC-4819-95E6-BA33618631F2}"
EndProject
Project("{9A19103F-16F7-4668-BE54-9A1E7A4F7556}") = "BethanysPieShopHRM.Api", "BethanysPieShopHRM.Api\BethanysPieShopHRM.Api.csproj", "{028EEA86-B1F7-4B23-99DA-C79765D2EB6C}"
EndProject
Project("{9A19103F-16F7-4668-BE54-9A1E7A4F7556}") = "BethanysPieShopHRM.ComponentsLibrary", "BethanysPieShopHRM.ComponentsLibrary\BethanysPieShopHRM.ComponentsLibrary.csproj", "{13A340A2-6A13-44E8-B727-7A7B8EBFBD18}"
EndProject
Project("{9A19103F-16F7-4668-BE54-9A1E7A4F7556}") = "BethanysPieShopHRM.App.Tests", "BethanysPieShopHRM.App.Tests\BethanysPieShopHRM.App.Tests.csproj", "{EE04BEE4-0642-47F4-A1EA-5949CE222B0B}"
EndProject
Global
	GlobalSection(SolutionConfigurationPlatforms) = preSolution
		Debug|Any CPU = Debug|Any CPU
		Release|Any CPU = Release|Any CPU
	EndGlobalSection
	GlobalSection(ProjectConfigurationPlatforms) = postSolution
		{C5A314A2-3578-493D-8AEE-BBC3E6483338}.Debug|Any CPU.ActiveCfg = Debug|Any CPU
		{C5A314A2-3578-493D-8AEE-BBC3E6483338}.Debug|Any CPU.Build.0 = Debug|Any CPU
		{C5A314A2-3578-493D-8AEE-BBC3E6483338}.Release|Any CPU.ActiveCfg = Release|Any CPU
		{C5A314A2-3578-493D-8AEE-BBC3E6483338}.Release|Any CPU.Build.0 = Release|Any CPU
		{4113A5A6-4FEC-4819-95E6-BA33618631F2}.Debug|Any CPU.ActiveCfg = Debug|Any CPU
		{4113A5A6-4FEC-4819-95E6-BA33618631F2}.Debug|Any CPU.Build.0 = Debug|Any CPU
		{4113A5A6-4FEC-4819-95E6-BA33618631F2}.Release|Any CPU.ActiveCfg = Release|Any CPU
		{4113A5A6-4FEC-4819-95E6-BA33618631F2}.Release|Any CPU.Build.0 = Release|Any CPU
		{028EEA86-B1F7-4B23-99DA-C79765D2EB6C}.Debug|Any CPU.ActiveCfg = Debug|Any CPU
		{028EEA86-B1F7-4B23-99DA-C79765D2EB6C}.Debug|Any CPU.Build.0 = Debug|Any CPU
		{028EEA86-B1F7-4B23-99DA-C79765D2EB6C}.Release|Any CPU.ActiveCfg = Release|Any CPU
		{028EEA86-B1F7-4B23-99DA-C79765D2EB6C}.Release|Any CPU.Build.0 = Release|Any CPU
		{13A340A2-6A13-44E8-B727-7A7B8EBFBD18}.Debug|Any CPU.ActiveCfg = Debug|Any CPU
		{13A340A2-6A13-44E8-B727-7A7B8EBFBD18}.Debug|Any CPU.Build.0 = Debug|Any CPU
		{13A340A2-6A13-44E8-B727-7A7B8EBFBD18}.Release|Any CPU.ActiveCfg = Release|Any CPU
		{13A340A2-6A13-44E8-B727-7A7B8EBFBD18}.Release|Any CPU.Build.0 = Release|Any CPU
		{EE04BEE4-0642-47F4-A1EA-5949CE222B0B}.Debug|Any CPU.ActiveCfg = Debug|Any CPU
		{EE04BEE4-0642-47F4-A1EA-5949CE222B0B}.Debug|Any CPU.Build.0 = Debug|Any CPU
		{EE04BEE4-0642-47F4-A1EA-5949CE222B0B}.Release|Any CPU.ActiveCfg = Release|Any CPU
		{EE04BEE4-0642-47F4-A1EA-5949CE222B0B}.Release|Any CPU.Build.0 = Release|Any CPU
	EndGlobalSection
	GlobalSection(SolutionProperties) = preSolution
		HideSolutionNode = FALSE
	EndGlobalSection
	GlobalSection(ExtensibilityGlobals) = postSolution
		SolutionGuid = {852863BB-E357-4798-B0AF-59372D9D81E9}
	EndGlobalSection
EndGlobal
